
Microsoft Visual Studio Solution File, Format Version 12.00
# Visual Studio 15
VisualStudioVersion = 15.0.28307.852
MinimumVisualStudioVersion = 10.0.40219.1
Project("{FAE04EC0-301F-11D3-BF4B-00C04F79EFBC}") = "QuanLyQuanCafe", "QuanLyQuanCafe\QuanLyQuanCafe.csproj", "{B08FE0EB-6FBA-4A43-85A6-B6839F53A448}"
EndProject
Global
	GlobalSection(SolutionConfigurationPlatforms) = preSolution
		Debug|Any CPU = Debug|Any CPU
		Release|Any CPU = Release|Any CPU
	EndGlobalSection
	GlobalSection(ProjectConfigurationPlatforms) = postSolution
		{B08FE0EB-6FBA-4A43-85A6-B6839F53A448}.Debug|Any CPU.ActiveCfg = Debug|Any CPU
		{B08FE0EB-6FBA-4A43-85A6-B6839F53A448}.Debug|Any CPU.Build.0 = Debug|Any CPU
		{B08FE0EB-6FBA-4A43-85A6-B6839F53A448}.Release|Any CPU.ActiveCfg = Release|Any CPU
		{B08FE0EB-6FBA-4A43-85A6-B6839F53A448}.Release|Any CPU.Build.0 = Release|Any CPU
	EndGlobalSection
	GlobalSection(SolutionProperties) = preSolution
		HideSolutionNode = FALSE
	EndGlobalSection
	GlobalSection(ExtensibilityGlobals) = postSolution
		SolutionGuid = {64ED2757-E383-408A-91A6-09F160275F1B}
	EndGlobalSection
EndGlobal
